// !$*UTF8*$!
{
	archiveVersion = 1;
	classes = {
	};
	objectVersion = 46;
	objects = {

/* Begin PBXBuildFile section */
		22340D98602837E77C325870 /* Pods_Bitso_Ticker.framework in Frameworks */ = {isa = PBXBuildFile; fileRef = 02E2B5CFB923E9128EADF4BE /* Pods_Bitso_Ticker.framework */; };
		F469BEBA1E95B8B7001E9F06 /* AppDelegate.swift in Sources */ = {isa = PBXBuildFile; fileRef = F469BEB91E95B8B7001E9F06 /* AppDelegate.swift */; };
		F469BEBC1E95B8B7001E9F06 /* ViewController.swift in Sources */ = {isa = PBXBuildFile; fileRef = F469BEBB1E95B8B7001E9F06 /* ViewController.swift */; };
		F469BEBE1E95B8B7001E9F06 /* Assets.xcassets in Resources */ = {isa = PBXBuildFile; fileRef = F469BEBD1E95B8B7001E9F06 /* Assets.xcassets */; };
		F469BEC11E95B8B7001E9F06 /* Main.storyboard in Resources */ = {isa = PBXBuildFile; fileRef = F469BEBF1E95B8B7001E9F06 /* Main.storyboard */; };
/* End PBXBuildFile section */

/* Begin PBXFileReference section */
		02E2B5CFB923E9128EADF4BE /* Pods_Bitso_Ticker.framework */ = {isa = PBXFileReference; explicitFileType = wrapper.framework; includeInIndex = 0; path = Pods_Bitso_Ticker.framework; sourceTree = BUILT_PRODUCTS_DIR; };
		9A1010103D8D855942BDFF0D /* Pods-Bitso Ticker.release.xcconfig */ = {isa = PBXFileReference; includeInIndex = 1; lastKnownFileType = text.xcconfig; name = "Pods-Bitso Ticker.release.xcconfig"; path = "Pods/Target Support Files/Pods-Bitso Ticker/Pods-Bitso Ticker.release.xcconfig"; sourceTree = "<group>"; };
		BDD17D1AA097456AC62AED6C /* Pods-Bitso Ticker.debug.xcconfig */ = {isa = PBXFileReference; includeInIndex = 1; lastKnownFileType = text.xcconfig; name = "Pods-Bitso Ticker.debug.xcconfig"; path = "Pods/Target Support Files/Pods-Bitso Ticker/Pods-Bitso Ticker.debug.xcconfig"; sourceTree = "<group>"; };
		F469BEB61E95B8B7001E9F06 /* Bitso Ticker.app */ = {isa = PBXFileReference; explicitFileType = wrapper.application; includeInIndex = 0; path = "Bitso Ticker.app"; sourceTree = BUILT_PRODUCTS_DIR; };
		F469BEB91E95B8B7001E9F06 /* AppDelegate.swift */ = {isa = PBXFileReference; lastKnownFileType = sourcecode.swift; path = AppDelegate.swift; sourceTree = "<group>"; };
		F469BEBB1E95B8B7001E9F06 /* ViewController.swift */ = {isa = PBXFileReference; lastKnownFileType = sourcecode.swift; path = ViewController.swift; sourceTree = "<group>"; };
		F469BEBD1E95B8B7001E9F06 /* Assets.xcassets */ = {isa = PBXFileReference; lastKnownFileType = folder.assetcatalog; path = Assets.xcassets; sourceTree = "<group>"; };
		F469BEC01E95B8B7001E9F06 /* Base */ = {isa = PBXFileReference; lastKnownFileType = file.storyboard; name = Base; path = Base.lproj/Main.storyboard; sourceTree = "<group>"; };
		F469BEC21E95B8B7001E9F06 /* Info.plist */ = {isa = PBXFileReference; lastKnownFileType = text.plist.xml; path = Info.plist; sourceTree = "<group>"; };
/* End PBXFileReference section */

/* Begin PBXFrameworksBuildPhase section */
		F469BEB31E95B8B7001E9F06 /* Frameworks */ = {
			isa = PBXFrameworksBuildPhase;
			buildActionMask = 2147483647;
			files = (
				22340D98602837E77C325870 /* Pods_Bitso_Ticker.framework in Frameworks */,
			);
			runOnlyForDeploymentPostprocessing = 0;
		};
/* End PBXFrameworksBuildPhase section */

/* Begin PBXGroup section */
		0F0FFF1E588D363F5D77D0F6 /* Pods */ = {
			isa = PBXGroup;
			children = (
				BDD17D1AA097456AC62AED6C /* Pods-Bitso Ticker.debug.xcconfig */,
				9A1010103D8D855942BDFF0D /* Pods-Bitso Ticker.release.xcconfig */,
			);
			name = Pods;
			sourceTree = "<group>";
		};
		6188CB831323B9D678BC65E4 /* Frameworks */ = {
			isa = PBXGroup;
			children = (
				02E2B5CFB923E9128EADF4BE /* Pods_Bitso_Ticker.framework */,
			);
			name = Frameworks;
			sourceTree = "<group>";
		};
		F469BEAD1E95B8B7001E9F06 = {
			isa = PBXGroup;
			children = (
				F469BEB81E95B8B7001E9F06 /* Bitso Ticker */,
				F469BEB71E95B8B7001E9F06 /* Products */,
				0F0FFF1E588D363F5D77D0F6 /* Pods */,
				6188CB831323B9D678BC65E4 /* Frameworks */,
			);
			sourceTree = "<group>";
		};
		F469BEB71E95B8B7001E9F06 /* Products */ = {
			isa = PBXGroup;
			children = (
				F469BEB61E95B8B7001E9F06 /* Bitso Ticker.app */,
			);
			name = Products;
			sourceTree = "<group>";
		};
		F469BEB81E95B8B7001E9F06 /* Bitso Ticker */ = {
			isa = PBXGroup;
			children = (
				F469BEB91E95B8B7001E9F06 /* AppDelegate.swift */,
				F469BEBB1E95B8B7001E9F06 /* ViewController.swift */,
				F469BEBD1E95B8B7001E9F06 /* Assets.xcassets */,
				F469BEBF1E95B8B7001E9F06 /* Main.storyboard */,
				F469BEC21E95B8B7001E9F06 /* Info.plist */,
			);
			path = "Bitso Ticker";
			sourceTree = "<group>";
		};
/* End PBXGroup section */

/* Begin PBXNativeTarget section */
		F469BEB51E95B8B7001E9F06 /* Bitso Ticker */ = {
			isa = PBXNativeTarget;
			buildConfigurationList = F469BEC51E95B8B7001E9F06 /* Build configuration list for PBXNativeTarget "Bitso Ticker" */;
			buildPhases = (
				7D1A85465CA838A0D3DC2753 /* [CP] Check Pods Manifest.lock */,
				F469BEB21E95B8B7001E9F06 /* Sources */,
				F469BEB31E95B8B7001E9F06 /* Frameworks */,
				F469BEB41E95B8B7001E9F06 /* Resources */,
				D137B3EA62A73B883FB47884 /* [CP] Embed Pods Frameworks */,
				5C9743E3098494E6C0981A27 /* [CP] Copy Pods Resources */,
			);
			buildRules = (
			);
			dependencies = (
			);
			name = "Bitso Ticker";
			productName = "Bitso Ticker";
			productReference = F469BEB61E95B8B7001E9F06 /* Bitso Ticker.app */;
			productType = "com.apple.product-type.application";
		};
/* End PBXNativeTarget section */

/* Begin PBXProject section */
		F469BEAE1E95B8B7001E9F06 /* Project object */ = {
			isa = PBXProject;
			attributes = {
				LastSwiftUpdateCheck = 0830;
				LastUpgradeCheck = 0830;
				ORGANIZATIONNAME = Kentverger;
				TargetAttributes = {
					F469BEB51E95B8B7001E9F06 = {
						CreatedOnToolsVersion = 8.3;
						ProvisioningStyle = Automatic;
					};
				};
			};
			buildConfigurationList = F469BEB11E95B8B7001E9F06 /* Build configuration list for PBXProject "Bitso Ticker" */;
			compatibilityVersion = "Xcode 3.2";
			developmentRegion = English;
			hasScannedForEncodings = 0;
			knownRegions = (
				en,
				Base,
			);
			mainGroup = F469BEAD1E95B8B7001E9F06;
			productRefGroup = F469BEB71E95B8B7001E9F06 /* Products */;
			projectDirPath = "";
			projectRoot = "";
			targets = (
				F469BEB51E95B8B7001E9F06 /* Bitso Ticker */,
			);
		};
/* End PBXProject section */

/* Begin PBXResourcesBuildPhase section */
		F469BEB41E95B8B7001E9F06 /* Resources */ = {
			isa = PBXResourcesBuildPhase;
			buildActionMask = 2147483647;
			files = (
				F469BEBE1E95B8B7001E9F06 /* Assets.xcassets in Resources */,
				F469BEC11E95B8B7001E9F06 /* Main.storyboard in Resources */,
			);
			runOnlyForDeploymentPostprocessing = 0;
		};
/* End PBXResourcesBuildPhase section */

/* Begin PBXShellScriptBuildPhase section */
		5C9743E3098494E6C0981A27 /* [CP] Copy Pods Resources */ = {
			isa = PBXShellScriptBuildPhase;
			buildActionMask = 2147483647;
			files = (
			);
			inputPaths = (
			);
			name = "[CP] Copy Pods Resources";
			outputPaths = (
			);
			runOnlyForDeploymentPostprocessing = 0;
			shellPath = /bin/sh;
			shellScript = "\"${SRCROOT}/Pods/Target Support Files/Pods-Bitso Ticker/Pods-Bitso Ticker-resources.sh\"\n";
			showEnvVarsInLog = 0;
		};
		7D1A85465CA838A0D3DC2753 /* [CP] Check Pods Manifest.lock */ = {
			isa = PBXShellScriptBuildPhase;
			buildActionMask = 2147483647;
			files = (
			);
			inputPaths = (
			);
			name = "[CP] Check Pods Manifest.lock";
			outputPaths = (
			);
			runOnlyForDeploymentPostprocessing = 0;
			shellPath = /bin/sh;
			shellScript = "diff \"${PODS_ROOT}/../Podfile.lock\" \"${PODS_ROOT}/Manifest.lock\" > /dev/null\nif [ $? != 0 ] ; then\n    # print error to STDERR\n    echo \"error: The sandbox is not in sync with the Podfile.lock. Run 'pod install' or update your CocoaPods installation.\" >&2\n    exit 1\nfi\n";
			showEnvVarsInLog = 0;
		};
		D137B3EA62A73B883FB47884 /* [CP] Embed Pods Frameworks */ = {
			isa = PBXShellScriptBuildPhase;
			buildActionMask = 2147483647;
			files = (
			);
			inputPaths = (
			);
			name = "[CP] Embed Pods Frameworks";
			outputPaths = (
			);
			runOnlyForDeploymentPostprocessing = 0;
			shellPath = /bin/sh;
			shellScript = "\"${SRCROOT}/Pods/Target Support Files/Pods-Bitso Ticker/Pods-Bitso Ticker-frameworks.sh\"\n";
			showEnvVarsInLog = 0;
		};
/* End PBXShellScriptBuildPhase section */

/* Begin PBXSourcesBuildPhase section */
		F469BEB21E95B8B7001E9F06 /* Sources */ = {
			isa = PBXSourcesBuildPhase;
			buildActionMask = 2147483647;
			files = (
				F469BEBC1E95B8B7001E9F06 /* ViewController.swift in Sources */,
				F469BEBA1E95B8B7001E9F06 /* AppDelegate.swift in Sources */,
			);
			runOnlyForDeploymentPostprocessing = 0;
		};
/* End PBXSourcesBuildPhase section */

/* Begin PBXVariantGroup section */
		F469BEBF1E95B8B7001E9F06 /* Main.storyboard */ = {
			isa = PBXVariantGroup;
			children = (
				F469BEC01E95B8B7001E9F06 /* Base */,
			);
			name = Main.storyboard;
			sourceTree = "<group>";
		};
/* End PBXVariantGroup section */

/* Begin XCBuildConfiguration section */
		F469BEC31E95B8B7001E9F06 /* Debug */ = {
			isa = XCBuildConfiguration;
			buildSettings = {
				ALWAYS_SEARCH_USER_PATHS = NO;
				CLANG_ANALYZER_NONNULL = YES;
				CLANG_ANALYZER_NUMBER_OBJECT_CONVERSION = YES_AGGRESSIVE;
				CLANG_CXX_LANGUAGE_STANDARD = "gnu++0x";
				CLANG_CXX_LIBRARY = "libc++";
				CLANG_ENABLE_MODULES = YES;
				CLANG_ENABLE_OBJC_ARC = YES;
				CLANG_WARN_BOOL_CONVERSION = YES;
				CLANG_WARN_CONSTANT_CONVERSION = YES;
				CLANG_WARN_DIRECT_OBJC_ISA_USAGE = YES_ERROR;
				CLANG_WARN_DOCUMENTATION_COMMENTS = YES;
				CLANG_WARN_EMPTY_BODY = YES;
				CLANG_WARN_ENUM_CONVERSION = YES;
				CLANG_WARN_INFINITE_RECURSION = YES;
				CLANG_WARN_INT_CONVERSION = YES;
				CLANG_WARN_OBJC_ROOT_CLASS = YES_ERROR;
				CLANG_WARN_SUSPICIOUS_MOVE = YES;
				CLANG_WARN_UNREACHABLE_CODE = YES;
				CLANG_WARN__DUPLICATE_METHOD_MATCH = YES;
				CODE_SIGN_IDENTITY = "-";
				COPY_PHASE_STRIP = NO;
				DEBUG_INFORMATION_FORMAT = dwarf;
				ENABLE_STRICT_OBJC_MSGSEND = YES;
				ENABLE_TESTABILITY = YES;
				GCC_C_LANGUAGE_STANDARD = gnu99;
				GCC_DYNAMIC_NO_PIC = NO;
				GCC_NO_COMMON_BLOCKS = YES;
				GCC_OPTIMIZATION_LEVEL = 0;
				GCC_PREPROCESSOR_DEFINITIONS = (
					"DEBUG=1",
					"$(inherited)",
				);
				GCC_WARN_64_TO_32_BIT_CONVERSION = YES;
				GCC_WARN_ABOUT_RETURN_TYPE = YES_ERROR;
				GCC_WARN_UNDECLARED_SELECTOR = YES;
				GCC_WARN_UNINITIALIZED_AUTOS = YES_AGGRESSIVE;
				GCC_WARN_UNUSED_FUNCTION = YES;
				GCC_WARN_UNUSED_VARIABLE = YES;
				MACOSX_DEPLOYMENT_TARGET = 10.12;
				MTL_ENABLE_DEBUG_INFO = YES;
				ONLY_ACTIVE_ARCH = YES;
				SDKROOT = macosx;
				SWIFT_ACTIVE_COMPILATION_CONDITIONS = DEBUG;
				SWIFT_OPTIMIZATION_LEVEL = "-Onone";
			};
			name = Debug;
		};
		F469BEC41E95B8B7001E9F06 /* Release */ = {
			isa = XCBuildConfiguration;
			buildSettings = {
				ALWAYS_SEARCH_USER_PATHS = NO;
				CLANG_ANALYZER_NONNULL = YES;
				CLANG_ANALYZER_NUMBER_OBJECT_CONVERSION = YES_AGGRESSIVE;
				CLANG_CXX_LANGUAGE_STANDARD = "gnu++0x";
				CLANG_CXX_LIBRARY = "libc++";
				CLANG_ENABLE_MODULES = YES;
				CLANG_ENABLE_OBJC_ARC = YES;
				CLANG_WARN_BOOL_CONVERSION = YES;
				CLANG_WARN_CONSTANT_CONVERSION = YES;
				CLANG_WARN_DIRECT_OBJC_ISA_USAGE = YES_ERROR;
				CLANG_WARN_DOCUMENTATION_COMMENTS = YES;
				CLANG_WARN_EMPTY_BODY = YES;
				CLANG_WARN_ENUM_CONVERSION = YES;
				CLANG_WARN_INFINITE_RECURSION = YES;
				CLANG_WARN_INT_CONVERSION = YES;
				CLANG_WARN_OBJC_ROOT_CLASS = YES_ERROR;
				CLANG_WARN_SUSPICIOUS_MOVE = YES;
				CLANG_WARN_UNREACHABLE_CODE = YES;
				CLANG_WARN__DUPLICATE_METHOD_MATCH = YES;
				CODE_SIGN_IDENTITY = "-";
				COPY_PHASE_STRIP = NO;
				DEBUG_INFORMATION_FORMAT = "dwarf-with-dsym";
				ENABLE_NS_ASSERTIONS = NO;
				ENABLE_STRICT_OBJC_MSGSEND = YES;
				GCC_C_LANGUAGE_STANDARD = gnu99;
				GCC_NO_COMMON_BLOCKS = YES;
				GCC_WARN_64_TO_32_BIT_CONVERSION = YES;
				GCC_WARN_ABOUT_RETURN_TYPE = YES_ERROR;
				GCC_WARN_UNDECLARED_SELECTOR = YES;
				GCC_WARN_UNINITIALIZED_AUTOS = YES_AGGRESSIVE;
				GCC_WARN_UNUSED_FUNCTION = YES;
				GCC_WARN_UNUSED_VARIABLE = YES;
				MACOSX_DEPLOYMENT_TARGET = 10.12;
				MTL_ENABLE_DEBUG_INFO = NO;
				SDKROOT = macosx;
				SWIFT_OPTIMIZATION_LEVEL = "-Owholemodule";
			};
			name = Release;
		};
		F469BEC61E95B8B7001E9F06 /* Debug */ = {
			isa = XCBuildConfiguration;
			baseConfigurationReference = BDD17D1AA097456AC62AED6C /* Pods-Bitso Ticker.debug.xcconfig */;
			buildSettings = {
				ASSETCATALOG_COMPILER_APPICON_NAME = AppIcon;
				COMBINE_HIDPI_IMAGES = YES;
				INFOPLIST_FILE = "Bitso Ticker/Info.plist";
				LD_RUNPATH_SEARCH_PATHS = "$(inherited) @executable_path/../Frameworks";
				PRODUCT_BUNDLE_IDENTIFIER = "com.kentverger.Bitso-Ticker";
				PRODUCT_NAME = "$(TARGET_NAME)";
				SWIFT_VERSION = 3.0;
			};
			name = Debug;
		};
		F469BEC71E95B8B7001E9F06 /* Release */ = {
			isa = XCBuildConfiguration;
			baseConfigurationReference = 9A1010103D8D855942BDFF0D /* Pods-Bitso Ticker.release.xcconfig */;
			buildSettings = {
				ASSETCATALOG_COMPILER_APPICON_NAME = AppIcon;
				COMBINE_HIDPI_IMAGES = YES;
				INFOPLIST_FILE = "Bitso Ticker/Info.plist";
				LD_RUNPATH_SEARCH_PATHS = "$(inherited) @executable_path/../Frameworks";
				PRODUCT_BUNDLE_IDENTIFIER = "com.kentverger.Bitso-Ticker";
				PRODUCT_NAME = "$(TARGET_NAME)";
				SWIFT_VERSION = 3.0;
			};
			name = Release;
		};
/* End XCBuildConfiguration section */

/* Begin XCConfigurationList section */
		F469BEB11E95B8B7001E9F06 /* Build configuration list for PBXProject "Bitso Ticker" */ = {
			isa = XCConfigurationList;
			buildConfigurations = (
				F469BEC31E95B8B7001E9F06 /* Debug */,
				F469BEC41E95B8B7001E9F06 /* Release */,
			);
			defaultConfigurationIsVisible = 0;
			defaultConfigurationName = Release;
		};
		F469BEC51E95B8B7001E9F06 /* Build configuration list for PBXNativeTarget "Bitso Ticker" */ = {
			isa = XCConfigurationList;
			buildConfigurations = (
				F469BEC61E95B8B7001E9F06 /* Debug */,
				F469BEC71E95B8B7001E9F06 /* Release */,
			);
			defaultConfigurationIsVisible = 0;
		};
/* End XCConfigurationList section */
	};
	rootObject = F469BEAE1E95B8B7001E9F06 /* Project object */;
}
